
Microsoft Visual Studio Solution File, Format Version 12.00
# Visual Studio Version 17
VisualStudioVersion = 17.3.32929.385
MinimumVisualStudioVersion = 10.0.40219.1
Project("{FAE04EC0-301F-11D3-BF4B-00C04F79EFBC}") = "ASP_Razor_Contoso", "ASP_Razor_Contoso.csproj", "{D061D905-A5CA-4186-9CBF-57EC36C4E648}"
EndProject
Global
	GlobalSection(SolutionConfigurationPlatforms) = preSolution
		Debug|Any CPU = Debug|Any CPU
		Release|Any CPU = Release|Any CPU
	EndGlobalSection
	GlobalSection(ProjectConfigurationPlatforms) = postSolution
		{D061D905-A5CA-4186-9CBF-57EC36C4E648}.Debug|Any CPU.ActiveCfg = Debug|Any CPU
		{D061D905-A5CA-4186-9CBF-57EC36C4E648}.Debug|Any CPU.Build.0 = Debug|Any CPU
		{D061D905-A5CA-4186-9CBF-57EC36C4E648}.Release|Any CPU.ActiveCfg = Release|Any CPU
		{D061D905-A5CA-4186-9CBF-57EC36C4E648}.Release|Any CPU.Build.0 = Release|Any CPU
	EndGlobalSection
	GlobalSection(SolutionProperties) = preSolution
		HideSolutionNode = FALSE
	EndGlobalSection
	GlobalSection(ExtensibilityGlobals) = postSolution
		SolutionGuid = {4B892788-0727-4C4B-A6AF-516D2BD920FC}
	EndGlobalSection
EndGlobal
