
Microsoft Visual Studio Solution File, Format Version 12.00
# Visual Studio Version 17
VisualStudioVersion = 17.1.32228.430
MinimumVisualStudioVersion = 10.0.40219.1
Project("{FAE04EC0-301F-11D3-BF4B-00C04F79EFBC}") = "BlazorApp1", "BlazorApp1\BlazorApp1.csproj", "{F07702AC-D469-4773-AB7A-47CF9BB01BCC}"
EndProject
Global
	GlobalSection(SolutionConfigurationPlatforms) = preSolution
		Debug|Any CPU = Debug|Any CPU
		Release|Any CPU = Release|Any CPU
	EndGlobalSection
	GlobalSection(ProjectConfigurationPlatforms) = postSolution
		{F07702AC-D469-4773-AB7A-47CF9BB01BCC}.Debug|Any CPU.ActiveCfg = Debug|Any CPU
		{F07702AC-D469-4773-AB7A-47CF9BB01BCC}.Debug|Any CPU.Build.0 = Debug|Any CPU
		{F07702AC-D469-4773-AB7A-47CF9BB01BCC}.Release|Any CPU.ActiveCfg = Release|Any CPU
		{F07702AC-D469-4773-AB7A-47CF9BB01BCC}.Release|Any CPU.Build.0 = Release|Any CPU
	EndGlobalSection
	GlobalSection(SolutionProperties) = preSolution
		HideSolutionNode = FALSE
	EndGlobalSection
	GlobalSection(ExtensibilityGlobals) = postSolution
		SolutionGuid = {718E3DB6-CC4C-4771-950A-524184315ACF}
	EndGlobalSection
EndGlobal
